
Microsoft Visual Studio Solution File, Format Version 12.00
# Visual Studio 14
VisualStudioVersion = 14.0.23107.0
MinimumVisualStudioVersion = 10.0.40219.1
Project("{FAE04EC0-301F-11D3-BF4B-00C04F79EFBC}") = "BmiClient", "BmiClient\BmiClient.csproj", "{F270C89F-3A7D-4388-B175-F5F6B6A867B3}"
EndProject
Project("{FAE04EC0-301F-11D3-BF4B-00C04F79EFBC}") = "BmiClient- Console", "BmiClient- Console\BmiClient- Console.csproj", "{E8E45F12-7A01-43C4-AAC7-587768502A0B}"
EndProject
Project("{FAE04EC0-301F-11D3-BF4B-00C04F79EFBC}") = "MyAge-Console", "MyAge-Console\MyAge-Console.csproj", "{7A3D747B-84AA-4209-9030-565E88D256FF}"
EndProject
Project("{FAE04EC0-301F-11D3-BF4B-00C04F79EFBC}") = "MyAge-Win", "MyAge-Win\MyAge-Win.csproj", "{DB9834BD-70CD-40F0-9091-49340D4FB1C1}"
EndProject
Project("{FAE04EC0-301F-11D3-BF4B-00C04F79EFBC}") = "NextThousand-Console", "NextThousand-Console\NextThousand-Console.csproj", "{065DA4CB-EAA2-499B-87D3-F3685BD28629}"
EndProject
Project("{FAE04EC0-301F-11D3-BF4B-00C04F79EFBC}") = "NextThousand- Win", "NextThousand- Win\NextThousand- Win.csproj", "{1091BD2B-4E02-4881-A4AA-0E9D7B5E7AB1}"
EndProject
Project("{FAE04EC0-301F-11D3-BF4B-00C04F79EFBC}") = "HarryPotterBooks", "HarryPotterBooks\HarryPotterBooks.csproj", "{78CC84A7-58D9-4091-A721-2546FC987F3B}"
EndProject
Project("{FAE04EC0-301F-11D3-BF4B-00C04F79EFBC}") = "HarryPotterBooks-Win", "HarryPotterBooks-Win\HarryPotterBooks-Win.csproj", "{6346F883-A317-4B5B-8C95-081BD775D6AF}"
EndProject
Global
	GlobalSection(SolutionConfigurationPlatforms) = preSolution
		Debug|Any CPU = Debug|Any CPU
		Release|Any CPU = Release|Any CPU
	EndGlobalSection
	GlobalSection(ProjectConfigurationPlatforms) = postSolution
		{F270C89F-3A7D-4388-B175-F5F6B6A867B3}.Debug|Any CPU.ActiveCfg = Debug|Any CPU
		{F270C89F-3A7D-4388-B175-F5F6B6A867B3}.Debug|Any CPU.Build.0 = Debug|Any CPU
		{F270C89F-3A7D-4388-B175-F5F6B6A867B3}.Release|Any CPU.ActiveCfg = Release|Any CPU
		{F270C89F-3A7D-4388-B175-F5F6B6A867B3}.Release|Any CPU.Build.0 = Release|Any CPU
		{E8E45F12-7A01-43C4-AAC7-587768502A0B}.Debug|Any CPU.ActiveCfg = Debug|Any CPU
		{E8E45F12-7A01-43C4-AAC7-587768502A0B}.Debug|Any CPU.Build.0 = Debug|Any CPU
		{E8E45F12-7A01-43C4-AAC7-587768502A0B}.Release|Any CPU.ActiveCfg = Release|Any CPU
		{E8E45F12-7A01-43C4-AAC7-587768502A0B}.Release|Any CPU.Build.0 = Release|Any CPU
		{7A3D747B-84AA-4209-9030-565E88D256FF}.Debug|Any CPU.ActiveCfg = Debug|Any CPU
		{7A3D747B-84AA-4209-9030-565E88D256FF}.Debug|Any CPU.Build.0 = Debug|Any CPU
		{7A3D747B-84AA-4209-9030-565E88D256FF}.Release|Any CPU.ActiveCfg = Release|Any CPU
		{7A3D747B-84AA-4209-9030-565E88D256FF}.Release|Any CPU.Build.0 = Release|Any CPU
		{DB9834BD-70CD-40F0-9091-49340D4FB1C1}.Debug|Any CPU.ActiveCfg = Debug|Any CPU
		{DB9834BD-70CD-40F0-9091-49340D4FB1C1}.Debug|Any CPU.Build.0 = Debug|Any CPU
		{DB9834BD-70CD-40F0-9091-49340D4FB1C1}.Release|Any CPU.ActiveCfg = Release|Any CPU
		{DB9834BD-70CD-40F0-9091-49340D4FB1C1}.Release|Any CPU.Build.0 = Release|Any CPU
		{065DA4CB-EAA2-499B-87D3-F3685BD28629}.Debug|Any CPU.ActiveCfg = Debug|Any CPU
		{065DA4CB-EAA2-499B-87D3-F3685BD28629}.Debug|Any CPU.Build.0 = Debug|Any CPU
		{065DA4CB-EAA2-499B-87D3-F3685BD28629}.Release|Any CPU.ActiveCfg = Release|Any CPU
		{065DA4CB-EAA2-499B-87D3-F3685BD28629}.Release|Any CPU.Build.0 = Release|Any CPU
		{1091BD2B-4E02-4881-A4AA-0E9D7B5E7AB1}.Debug|Any CPU.ActiveCfg = Debug|Any CPU
		{1091BD2B-4E02-4881-A4AA-0E9D7B5E7AB1}.Debug|Any CPU.Build.0 = Debug|Any CPU
		{1091BD2B-4E02-4881-A4AA-0E9D7B5E7AB1}.Release|Any CPU.ActiveCfg = Release|Any CPU
		{1091BD2B-4E02-4881-A4AA-0E9D7B5E7AB1}.Release|Any CPU.Build.0 = Release|Any CPU
		{78CC84A7-58D9-4091-A721-2546FC987F3B}.Debug|Any CPU.ActiveCfg = Debug|Any CPU
		{78CC84A7-58D9-4091-A721-2546FC987F3B}.Debug|Any CPU.Build.0 = Debug|Any CPU
		{78CC84A7-58D9-4091-A721-2546FC987F3B}.Release|Any CPU.ActiveCfg = Release|Any CPU
		{78CC84A7-58D9-4091-A721-2546FC987F3B}.Release|Any CPU.Build.0 = Release|Any CPU
		{6346F883-A317-4B5B-8C95-081BD775D6AF}.Debug|Any CPU.ActiveCfg = Debug|Any CPU
		{6346F883-A317-4B5B-8C95-081BD775D6AF}.Debug|Any CPU.Build.0 = Debug|Any CPU
		{6346F883-A317-4B5B-8C95-081BD775D6AF}.Release|Any CPU.ActiveCfg = Release|Any CPU
		{6346F883-A317-4B5B-8C95-081BD775D6AF}.Release|Any CPU.Build.0 = Release|Any CPU
	EndGlobalSection
	GlobalSection(SolutionProperties) = preSolution
		HideSolutionNode = FALSE
	EndGlobalSection
EndGlobal
